
Microsoft Visual Studio Solution File, Format Version 12.00
# Visual Studio Version 17
VisualStudioVersion = 17.1.32319.34
MinimumVisualStudioVersion = 10.0.40219.1
Project("{9A19103F-16F7-4668-BE54-9A1E7A4F7556}") = "Clase_05_EjercicioCotizador", "Clase_05_EjercicioCotizador\Clase_05_EjercicioCotizador.csproj", "{3FF7E619-761B-49F4-9DA0-0CEFDA9F9F94}"
EndProject
Project("{9A19103F-16F7-4668-BE54-9A1E7A4F7556}") = "Billetes", "..\Clase_04_Ejercicios\Billetes\Billetes.csproj", "{D8D30FB8-95C3-4159-BB4F-281A6A5EB56F}"
EndProject
Global
	GlobalSection(SolutionConfigurationPlatforms) = preSolution
		Debug|Any CPU = Debug|Any CPU
		Release|Any CPU = Release|Any CPU
	EndGlobalSection
	GlobalSection(ProjectConfigurationPlatforms) = postSolution
		{3FF7E619-761B-49F4-9DA0-0CEFDA9F9F94}.Debug|Any CPU.ActiveCfg = Debug|Any CPU
		{3FF7E619-761B-49F4-9DA0-0CEFDA9F9F94}.Debug|Any CPU.Build.0 = Debug|Any CPU
		{3FF7E619-761B-49F4-9DA0-0CEFDA9F9F94}.Release|Any CPU.ActiveCfg = Release|Any CPU
		{3FF7E619-761B-49F4-9DA0-0CEFDA9F9F94}.Release|Any CPU.Build.0 = Release|Any CPU
		{D8D30FB8-95C3-4159-BB4F-281A6A5EB56F}.Debug|Any CPU.ActiveCfg = Debug|Any CPU
		{D8D30FB8-95C3-4159-BB4F-281A6A5EB56F}.Debug|Any CPU.Build.0 = Debug|Any CPU
		{D8D30FB8-95C3-4159-BB4F-281A6A5EB56F}.Release|Any CPU.ActiveCfg = Release|Any CPU
		{D8D30FB8-95C3-4159-BB4F-281A6A5EB56F}.Release|Any CPU.Build.0 = Release|Any CPU
	EndGlobalSection
	GlobalSection(SolutionProperties) = preSolution
		HideSolutionNode = FALSE
	EndGlobalSection
	GlobalSection(ExtensibilityGlobals) = postSolution
		SolutionGuid = {7119DF7B-6935-4986-BE72-C0266F7CD149}
	EndGlobalSection
EndGlobal
