
Microsoft Visual Studio Solution File, Format Version 12.00
# Visual Studio Version 17
VisualStudioVersion = 17.1.32319.34
MinimumVisualStudioVersion = 10.0.40219.1
Project("{FAE04EC0-301F-11D3-BF4B-00C04F79EFBC}") = "Clase_04", "Clase_04\Clase_04.csproj", "{15698E2C-0656-4560-B292-585282A61336}"
EndProject
Project("{FAE04EC0-301F-11D3-BF4B-00C04F79EFBC}") = "Entidades", "Entidades\Entidades.csproj", "{E0475201-C51A-4FCE-99E2-CDCFB831B166}"
EndProject
Global
	GlobalSection(SolutionConfigurationPlatforms) = preSolution
		Debug|Any CPU = Debug|Any CPU
		Release|Any CPU = Release|Any CPU
	EndGlobalSection
	GlobalSection(ProjectConfigurationPlatforms) = postSolution
		{15698E2C-0656-4560-B292-585282A61336}.Debug|Any CPU.ActiveCfg = Debug|Any CPU
		{15698E2C-0656-4560-B292-585282A61336}.Debug|Any CPU.Build.0 = Debug|Any CPU
		{15698E2C-0656-4560-B292-585282A61336}.Release|Any CPU.ActiveCfg = Release|Any CPU
		{15698E2C-0656-4560-B292-585282A61336}.Release|Any CPU.Build.0 = Release|Any CPU
		{E0475201-C51A-4FCE-99E2-CDCFB831B166}.Debug|Any CPU.ActiveCfg = Debug|Any CPU
		{E0475201-C51A-4FCE-99E2-CDCFB831B166}.Debug|Any CPU.Build.0 = Debug|Any CPU
		{E0475201-C51A-4FCE-99E2-CDCFB831B166}.Release|Any CPU.ActiveCfg = Release|Any CPU
		{E0475201-C51A-4FCE-99E2-CDCFB831B166}.Release|Any CPU.Build.0 = Release|Any CPU
	EndGlobalSection
	GlobalSection(SolutionProperties) = preSolution
		HideSolutionNode = FALSE
	EndGlobalSection
	GlobalSection(ExtensibilityGlobals) = postSolution
		SolutionGuid = {FA5DED73-0127-4E6B-94D4-486FC8868D70}
	EndGlobalSection
EndGlobal
