
Microsoft Visual Studio Solution File, Format Version 12.00
# Visual Studio Version 17
VisualStudioVersion = 17.1.32319.34
MinimumVisualStudioVersion = 10.0.40219.1
Project("{FAE04EC0-301F-11D3-BF4B-00C04F79EFBC}") = "Clase_06", "Clase_06\Clase_06.csproj", "{C941CA4C-008E-4075-ADEF-A06C6C8014FA}"
EndProject
Global
	GlobalSection(SolutionConfigurationPlatforms) = preSolution
		Debug|Any CPU = Debug|Any CPU
		Release|Any CPU = Release|Any CPU
	EndGlobalSection
	GlobalSection(ProjectConfigurationPlatforms) = postSolution
		{C941CA4C-008E-4075-ADEF-A06C6C8014FA}.Debug|Any CPU.ActiveCfg = Debug|Any CPU
		{C941CA4C-008E-4075-ADEF-A06C6C8014FA}.Debug|Any CPU.Build.0 = Debug|Any CPU
		{C941CA4C-008E-4075-ADEF-A06C6C8014FA}.Release|Any CPU.ActiveCfg = Release|Any CPU
		{C941CA4C-008E-4075-ADEF-A06C6C8014FA}.Release|Any CPU.Build.0 = Release|Any CPU
	EndGlobalSection
	GlobalSection(SolutionProperties) = preSolution
		HideSolutionNode = FALSE
	EndGlobalSection
	GlobalSection(ExtensibilityGlobals) = postSolution
		SolutionGuid = {E7BB0E56-1FBD-4ACD-B106-8B7AC6CD218B}
	EndGlobalSection
EndGlobal
