
Microsoft Visual Studio Solution File, Format Version 12.00
# Visual Studio Version 17
VisualStudioVersion = 17.1.32319.34
MinimumVisualStudioVersion = 10.0.40219.1
Project("{FAE04EC0-301F-11D3-BF4B-00C04F79EFBC}") = "Clase_07_PuestoDeAtencion", "Clase_07_PuestoDeAtencion\Clase_07_PuestoDeAtencion.csproj", "{99F26E17-C970-40D9-A8E5-DE20133EC2A2}"
EndProject
Project("{FAE04EC0-301F-11D3-BF4B-00C04F79EFBC}") = "Entidades", "Entidades\Entidades.csproj", "{7B8CA8D4-B221-4627-819A-9533C56F8F83}"
EndProject
Global
	GlobalSection(SolutionConfigurationPlatforms) = preSolution
		Debug|Any CPU = Debug|Any CPU
		Release|Any CPU = Release|Any CPU
	EndGlobalSection
	GlobalSection(ProjectConfigurationPlatforms) = postSolution
		{99F26E17-C970-40D9-A8E5-DE20133EC2A2}.Debug|Any CPU.ActiveCfg = Debug|Any CPU
		{99F26E17-C970-40D9-A8E5-DE20133EC2A2}.Debug|Any CPU.Build.0 = Debug|Any CPU
		{99F26E17-C970-40D9-A8E5-DE20133EC2A2}.Release|Any CPU.ActiveCfg = Release|Any CPU
		{99F26E17-C970-40D9-A8E5-DE20133EC2A2}.Release|Any CPU.Build.0 = Release|Any CPU
		{7B8CA8D4-B221-4627-819A-9533C56F8F83}.Debug|Any CPU.ActiveCfg = Debug|Any CPU
		{7B8CA8D4-B221-4627-819A-9533C56F8F83}.Debug|Any CPU.Build.0 = Debug|Any CPU
		{7B8CA8D4-B221-4627-819A-9533C56F8F83}.Release|Any CPU.ActiveCfg = Release|Any CPU
		{7B8CA8D4-B221-4627-819A-9533C56F8F83}.Release|Any CPU.Build.0 = Release|Any CPU
	EndGlobalSection
	GlobalSection(SolutionProperties) = preSolution
		HideSolutionNode = FALSE
	EndGlobalSection
	GlobalSection(ExtensibilityGlobals) = postSolution
		SolutionGuid = {DED1119F-CBA3-49E3-ABB6-BA14201019B4}
	EndGlobalSection
EndGlobal
