
Microsoft Visual Studio Solution File, Format Version 12.00
# Visual Studio Version 17
VisualStudioVersion = 17.1.32407.343
MinimumVisualStudioVersion = 10.0.40219.1
Project("{FAE04EC0-301F-11D3-BF4B-00C04F79EFBC}") = "Entidades", "Entidades\Entidades.csproj", "{96DCE6A5-69B3-4C91-8CCD-89B8D9C777EF}"
EndProject
Project("{FAE04EC0-301F-11D3-BF4B-00C04F79EFBC}") = "VistaConsola", "VistaConsola\VistaConsola.csproj", "{D11D1E32-4451-4D10-AA42-2CDAC63B5A47}"
EndProject
Project("{FAE04EC0-301F-11D3-BF4B-00C04F79EFBC}") = "VistaForm", "VistaForm\VistaForm.csproj", "{8359CD33-D90C-4F24-890E-A7F2A68DE899}"
EndProject
Global
	GlobalSection(SolutionConfigurationPlatforms) = preSolution
		Debug|Any CPU = Debug|Any CPU
		Release|Any CPU = Release|Any CPU
	EndGlobalSection
	GlobalSection(ProjectConfigurationPlatforms) = postSolution
		{96DCE6A5-69B3-4C91-8CCD-89B8D9C777EF}.Debug|Any CPU.ActiveCfg = Debug|Any CPU
		{96DCE6A5-69B3-4C91-8CCD-89B8D9C777EF}.Debug|Any CPU.Build.0 = Debug|Any CPU
		{96DCE6A5-69B3-4C91-8CCD-89B8D9C777EF}.Release|Any CPU.ActiveCfg = Release|Any CPU
		{96DCE6A5-69B3-4C91-8CCD-89B8D9C777EF}.Release|Any CPU.Build.0 = Release|Any CPU
		{D11D1E32-4451-4D10-AA42-2CDAC63B5A47}.Debug|Any CPU.ActiveCfg = Debug|Any CPU
		{D11D1E32-4451-4D10-AA42-2CDAC63B5A47}.Debug|Any CPU.Build.0 = Debug|Any CPU
		{D11D1E32-4451-4D10-AA42-2CDAC63B5A47}.Release|Any CPU.ActiveCfg = Release|Any CPU
		{D11D1E32-4451-4D10-AA42-2CDAC63B5A47}.Release|Any CPU.Build.0 = Release|Any CPU
		{8359CD33-D90C-4F24-890E-A7F2A68DE899}.Debug|Any CPU.ActiveCfg = Debug|Any CPU
		{8359CD33-D90C-4F24-890E-A7F2A68DE899}.Debug|Any CPU.Build.0 = Debug|Any CPU
		{8359CD33-D90C-4F24-890E-A7F2A68DE899}.Release|Any CPU.ActiveCfg = Release|Any CPU
		{8359CD33-D90C-4F24-890E-A7F2A68DE899}.Release|Any CPU.Build.0 = Release|Any CPU
	EndGlobalSection
	GlobalSection(SolutionProperties) = preSolution
		HideSolutionNode = FALSE
	EndGlobalSection
	GlobalSection(ExtensibilityGlobals) = postSolution
		SolutionGuid = {164B4FBB-E1E4-4606-B2B4-17F31CEB6428}
	EndGlobalSection
EndGlobal
