
Microsoft Visual Studio Solution File, Format Version 12.00
# Visual Studio Version 16
VisualStudioVersion = 16.0.31702.278
MinimumVisualStudioVersion = 10.0.40219.1
Project("{FAE04EC0-301F-11D3-BF4B-00C04F79EFBC}") = "Ejercicio I01", "Ejercicio\Ejercicio I01.csproj", "{2CEC7FE1-F984-4769-9E8D-93F322D2780E}"
EndProject
Project("{FAE04EC0-301F-11D3-BF4B-00C04F79EFBC}") = "BiblioClases", "BiblioClases\BiblioClases.csproj", "{2CDDD39B-C7BF-42BD-B29A-21F8E2FE66F4}"
EndProject
Global
	GlobalSection(SolutionConfigurationPlatforms) = preSolution
		Debug|Any CPU = Debug|Any CPU
		Release|Any CPU = Release|Any CPU
	EndGlobalSection
	GlobalSection(ProjectConfigurationPlatforms) = postSolution
		{2CEC7FE1-F984-4769-9E8D-93F322D2780E}.Debug|Any CPU.ActiveCfg = Debug|Any CPU
		{2CEC7FE1-F984-4769-9E8D-93F322D2780E}.Debug|Any CPU.Build.0 = Debug|Any CPU
		{2CEC7FE1-F984-4769-9E8D-93F322D2780E}.Release|Any CPU.ActiveCfg = Release|Any CPU
		{2CEC7FE1-F984-4769-9E8D-93F322D2780E}.Release|Any CPU.Build.0 = Release|Any CPU
		{2CDDD39B-C7BF-42BD-B29A-21F8E2FE66F4}.Debug|Any CPU.ActiveCfg = Debug|Any CPU
		{2CDDD39B-C7BF-42BD-B29A-21F8E2FE66F4}.Debug|Any CPU.Build.0 = Debug|Any CPU
		{2CDDD39B-C7BF-42BD-B29A-21F8E2FE66F4}.Release|Any CPU.ActiveCfg = Release|Any CPU
		{2CDDD39B-C7BF-42BD-B29A-21F8E2FE66F4}.Release|Any CPU.Build.0 = Release|Any CPU
	EndGlobalSection
	GlobalSection(SolutionProperties) = preSolution
		HideSolutionNode = FALSE
	EndGlobalSection
	GlobalSection(ExtensibilityGlobals) = postSolution
		SolutionGuid = {EC76E08F-6909-48EF-8DDB-FE8A1320DCA4}
	EndGlobalSection
EndGlobal
