
Microsoft Visual Studio Solution File, Format Version 12.00
# Visual Studio Version 17
VisualStudioVersion = 17.1.32421.90
MinimumVisualStudioVersion = 10.0.40219.1
Project("{9A19103F-16F7-4668-BE54-9A1E7A4F7556}") = "EjercicioC03_ParadaEnBoxes", "EjercicioC02_SeguiParticipando\EjercicioC03_ParadaEnBoxes.csproj", "{16CC8195-1F48-43FA-815A-5B86503B8334}"
EndProject
Project("{9A19103F-16F7-4668-BE54-9A1E7A4F7556}") = "Entidades", "Entidades\Entidades.csproj", "{92F9E048-4BB5-4C22-B8CA-32F7C026D043}"
EndProject
Project("{FAE04EC0-301F-11D3-BF4B-00C04F79EFBC}") = "TestParadaEnBoxes", "TestParadaEnBoxes\TestParadaEnBoxes.csproj", "{2B806377-89C2-4FBD-89A0-824660E52EA0}"
EndProject
Global
	GlobalSection(SolutionConfigurationPlatforms) = preSolution
		Debug|Any CPU = Debug|Any CPU
		Release|Any CPU = Release|Any CPU
	EndGlobalSection
	GlobalSection(ProjectConfigurationPlatforms) = postSolution
		{16CC8195-1F48-43FA-815A-5B86503B8334}.Debug|Any CPU.ActiveCfg = Debug|Any CPU
		{16CC8195-1F48-43FA-815A-5B86503B8334}.Debug|Any CPU.Build.0 = Debug|Any CPU
		{16CC8195-1F48-43FA-815A-5B86503B8334}.Release|Any CPU.ActiveCfg = Release|Any CPU
		{16CC8195-1F48-43FA-815A-5B86503B8334}.Release|Any CPU.Build.0 = Release|Any CPU
		{92F9E048-4BB5-4C22-B8CA-32F7C026D043}.Debug|Any CPU.ActiveCfg = Debug|Any CPU
		{92F9E048-4BB5-4C22-B8CA-32F7C026D043}.Debug|Any CPU.Build.0 = Debug|Any CPU
		{92F9E048-4BB5-4C22-B8CA-32F7C026D043}.Release|Any CPU.ActiveCfg = Release|Any CPU
		{92F9E048-4BB5-4C22-B8CA-32F7C026D043}.Release|Any CPU.Build.0 = Release|Any CPU
		{2B806377-89C2-4FBD-89A0-824660E52EA0}.Debug|Any CPU.ActiveCfg = Debug|Any CPU
		{2B806377-89C2-4FBD-89A0-824660E52EA0}.Debug|Any CPU.Build.0 = Debug|Any CPU
		{2B806377-89C2-4FBD-89A0-824660E52EA0}.Release|Any CPU.ActiveCfg = Release|Any CPU
		{2B806377-89C2-4FBD-89A0-824660E52EA0}.Release|Any CPU.Build.0 = Release|Any CPU
	EndGlobalSection
	GlobalSection(SolutionProperties) = preSolution
		HideSolutionNode = FALSE
	EndGlobalSection
	GlobalSection(ExtensibilityGlobals) = postSolution
		SolutionGuid = {9841758E-8009-4FDC-B3CA-FFE91BD50500}
	EndGlobalSection
EndGlobal
