
Microsoft Visual Studio Solution File, Format Version 12.00
# Visual Studio Version 16
VisualStudioVersion = 16.0.31702.278
MinimumVisualStudioVersion = 10.0.40219.1
Project("{FAE04EC0-301F-11D3-BF4B-00C04F79EFBC}") = "Clase_01", "Clase_01.csproj", "{E46A732F-848D-4A2B-99D5-F9807788D6DA}"
EndProject
Global
	GlobalSection(SolutionConfigurationPlatforms) = preSolution
		Debug|Any CPU = Debug|Any CPU
		Release|Any CPU = Release|Any CPU
	EndGlobalSection
	GlobalSection(ProjectConfigurationPlatforms) = postSolution
		{E46A732F-848D-4A2B-99D5-F9807788D6DA}.Debug|Any CPU.ActiveCfg = Debug|Any CPU
		{E46A732F-848D-4A2B-99D5-F9807788D6DA}.Debug|Any CPU.Build.0 = Debug|Any CPU
		{E46A732F-848D-4A2B-99D5-F9807788D6DA}.Release|Any CPU.ActiveCfg = Release|Any CPU
		{E46A732F-848D-4A2B-99D5-F9807788D6DA}.Release|Any CPU.Build.0 = Release|Any CPU
	EndGlobalSection
	GlobalSection(SolutionProperties) = preSolution
		HideSolutionNode = FALSE
	EndGlobalSection
	GlobalSection(ExtensibilityGlobals) = postSolution
		SolutionGuid = {BE44D100-92F5-45CF-ACDD-CDB9299AA8FC}
	EndGlobalSection
EndGlobal
