
Microsoft Visual Studio Solution File, Format Version 12.00
# Visual Studio Version 17
VisualStudioVersion = 17.1.32319.34
MinimumVisualStudioVersion = 10.0.40219.1
Project("{FAE04EC0-301F-11D3-BF4B-00C04F79EFBC}") = "Clase_05_Ejercicios", "Clase_05_Ejercicios\Clase_05_Ejercicios.csproj", "{A1EFF1B7-AF73-40C0-BEBC-85E57B04416A}"
EndProject
Global
	GlobalSection(SolutionConfigurationPlatforms) = preSolution
		Debug|Any CPU = Debug|Any CPU
		Release|Any CPU = Release|Any CPU
	EndGlobalSection
	GlobalSection(ProjectConfigurationPlatforms) = postSolution
		{A1EFF1B7-AF73-40C0-BEBC-85E57B04416A}.Debug|Any CPU.ActiveCfg = Debug|Any CPU
		{A1EFF1B7-AF73-40C0-BEBC-85E57B04416A}.Debug|Any CPU.Build.0 = Debug|Any CPU
		{A1EFF1B7-AF73-40C0-BEBC-85E57B04416A}.Release|Any CPU.ActiveCfg = Release|Any CPU
		{A1EFF1B7-AF73-40C0-BEBC-85E57B04416A}.Release|Any CPU.Build.0 = Release|Any CPU
	EndGlobalSection
	GlobalSection(SolutionProperties) = preSolution
		HideSolutionNode = FALSE
	EndGlobalSection
	GlobalSection(ExtensibilityGlobals) = postSolution
		SolutionGuid = {AF7E18C7-B118-40C8-AB34-35469BA0C652}
	EndGlobalSection
EndGlobal
