
Microsoft Visual Studio Solution File, Format Version 12.00
# Visual Studio Version 17
VisualStudioVersion = 17.1.32319.34
MinimumVisualStudioVersion = 10.0.40219.1
Project("{FAE04EC0-301F-11D3-BF4B-00C04F79EFBC}") = "Biblioteca", "Biblioteca\Biblioteca.csproj", "{F43A4CAD-C1AA-45EE-96BF-0E5259C0E40D}"
EndProject
Global
	GlobalSection(SolutionConfigurationPlatforms) = preSolution
		Debug|Any CPU = Debug|Any CPU
		Release|Any CPU = Release|Any CPU
	EndGlobalSection
	GlobalSection(ProjectConfigurationPlatforms) = postSolution
		{F43A4CAD-C1AA-45EE-96BF-0E5259C0E40D}.Debug|Any CPU.ActiveCfg = Debug|Any CPU
		{F43A4CAD-C1AA-45EE-96BF-0E5259C0E40D}.Debug|Any CPU.Build.0 = Debug|Any CPU
		{F43A4CAD-C1AA-45EE-96BF-0E5259C0E40D}.Release|Any CPU.ActiveCfg = Release|Any CPU
		{F43A4CAD-C1AA-45EE-96BF-0E5259C0E40D}.Release|Any CPU.Build.0 = Release|Any CPU
	EndGlobalSection
	GlobalSection(SolutionProperties) = preSolution
		HideSolutionNode = FALSE
	EndGlobalSection
	GlobalSection(ExtensibilityGlobals) = postSolution
		SolutionGuid = {4811E480-4407-4F8F-99D5-44DBCBDC7C71}
	EndGlobalSection
EndGlobal
