
Microsoft Visual Studio Solution File, Format Version 12.00
# Visual Studio Version 17
VisualStudioVersion = 17.1.32421.90
MinimumVisualStudioVersion = 10.0.40219.1
Project("{FAE04EC0-301F-11D3-BF4B-00C04F79EFBC}") = "Entidades", "Entidades\Entidades.csproj", "{C418198C-E1EA-444B-8DB8-2FE8116548CD}"
EndProject
Project("{FAE04EC0-301F-11D3-BF4B-00C04F79EFBC}") = "VistaConsola", "VistaConsola\VistaConsola.csproj", "{C843EDEB-1885-4EEB-A8C7-591E9C32CD0C}"
EndProject
Global
	GlobalSection(SolutionConfigurationPlatforms) = preSolution
		Debug|Any CPU = Debug|Any CPU
		Release|Any CPU = Release|Any CPU
	EndGlobalSection
	GlobalSection(ProjectConfigurationPlatforms) = postSolution
		{C418198C-E1EA-444B-8DB8-2FE8116548CD}.Debug|Any CPU.ActiveCfg = Debug|Any CPU
		{C418198C-E1EA-444B-8DB8-2FE8116548CD}.Debug|Any CPU.Build.0 = Debug|Any CPU
		{C418198C-E1EA-444B-8DB8-2FE8116548CD}.Release|Any CPU.ActiveCfg = Release|Any CPU
		{C418198C-E1EA-444B-8DB8-2FE8116548CD}.Release|Any CPU.Build.0 = Release|Any CPU
		{C843EDEB-1885-4EEB-A8C7-591E9C32CD0C}.Debug|Any CPU.ActiveCfg = Debug|Any CPU
		{C843EDEB-1885-4EEB-A8C7-591E9C32CD0C}.Debug|Any CPU.Build.0 = Debug|Any CPU
		{C843EDEB-1885-4EEB-A8C7-591E9C32CD0C}.Release|Any CPU.ActiveCfg = Release|Any CPU
		{C843EDEB-1885-4EEB-A8C7-591E9C32CD0C}.Release|Any CPU.Build.0 = Release|Any CPU
	EndGlobalSection
	GlobalSection(SolutionProperties) = preSolution
		HideSolutionNode = FALSE
	EndGlobalSection
	GlobalSection(ExtensibilityGlobals) = postSolution
		SolutionGuid = {BDB31DAC-46FE-4A94-B891-291F0F418210}
	EndGlobalSection
EndGlobal
