
Microsoft Visual Studio Solution File, Format Version 12.00
# Visual Studio Version 17
VisualStudioVersion = 17.1.32407.343
MinimumVisualStudioVersion = 10.0.40219.1
Project("{FAE04EC0-301F-11D3-BF4B-00C04F79EFBC}") = "Entidades", "Entidades\Entidades.csproj", "{1E3613B4-57D8-437B-AB7C-9D4E4245AEC1}"
EndProject
Project("{FAE04EC0-301F-11D3-BF4B-00C04F79EFBC}") = "Test", "Test\Test.csproj", "{C9C35218-4429-42CA-8D15-F6304811F6A1}"
EndProject
Global
	GlobalSection(SolutionConfigurationPlatforms) = preSolution
		Debug|Any CPU = Debug|Any CPU
		Release|Any CPU = Release|Any CPU
	EndGlobalSection
	GlobalSection(ProjectConfigurationPlatforms) = postSolution
		{1E3613B4-57D8-437B-AB7C-9D4E4245AEC1}.Debug|Any CPU.ActiveCfg = Debug|Any CPU
		{1E3613B4-57D8-437B-AB7C-9D4E4245AEC1}.Debug|Any CPU.Build.0 = Debug|Any CPU
		{1E3613B4-57D8-437B-AB7C-9D4E4245AEC1}.Release|Any CPU.ActiveCfg = Release|Any CPU
		{1E3613B4-57D8-437B-AB7C-9D4E4245AEC1}.Release|Any CPU.Build.0 = Release|Any CPU
		{C9C35218-4429-42CA-8D15-F6304811F6A1}.Debug|Any CPU.ActiveCfg = Debug|Any CPU
		{C9C35218-4429-42CA-8D15-F6304811F6A1}.Debug|Any CPU.Build.0 = Debug|Any CPU
		{C9C35218-4429-42CA-8D15-F6304811F6A1}.Release|Any CPU.ActiveCfg = Release|Any CPU
		{C9C35218-4429-42CA-8D15-F6304811F6A1}.Release|Any CPU.Build.0 = Release|Any CPU
	EndGlobalSection
	GlobalSection(SolutionProperties) = preSolution
		HideSolutionNode = FALSE
	EndGlobalSection
	GlobalSection(ExtensibilityGlobals) = postSolution
		SolutionGuid = {59D0B606-49E3-4A5E-AB31-88F1A5454985}
	EndGlobalSection
EndGlobal
