
Microsoft Visual Studio Solution File, Format Version 12.00
# Visual Studio Version 17
VisualStudioVersion = 17.1.32407.343
MinimumVisualStudioVersion = 10.0.40219.1
Project("{FAE04EC0-301F-11D3-BF4B-00C04F79EFBC}") = "Entidades", "Entidades\Entidades.csproj", "{13936668-91A8-4650-BC4E-42249C905B9D}"
EndProject
Project("{FAE04EC0-301F-11D3-BF4B-00C04F79EFBC}") = "VistaConsola", "VistaConsola\VistaConsola.csproj", "{4E2C8D46-7894-4226-9B26-73CC3BE884FA}"
EndProject
Project("{FAE04EC0-301F-11D3-BF4B-00C04F79EFBC}") = "VistaForm", "VistaForm\VistaForm.csproj", "{0726C559-07E1-4176-B575-C9CCDF68660D}"
EndProject
Global
	GlobalSection(SolutionConfigurationPlatforms) = preSolution
		Debug|Any CPU = Debug|Any CPU
		Release|Any CPU = Release|Any CPU
	EndGlobalSection
	GlobalSection(ProjectConfigurationPlatforms) = postSolution
		{13936668-91A8-4650-BC4E-42249C905B9D}.Debug|Any CPU.ActiveCfg = Debug|Any CPU
		{13936668-91A8-4650-BC4E-42249C905B9D}.Debug|Any CPU.Build.0 = Debug|Any CPU
		{13936668-91A8-4650-BC4E-42249C905B9D}.Release|Any CPU.ActiveCfg = Release|Any CPU
		{13936668-91A8-4650-BC4E-42249C905B9D}.Release|Any CPU.Build.0 = Release|Any CPU
		{4E2C8D46-7894-4226-9B26-73CC3BE884FA}.Debug|Any CPU.ActiveCfg = Debug|Any CPU
		{4E2C8D46-7894-4226-9B26-73CC3BE884FA}.Debug|Any CPU.Build.0 = Debug|Any CPU
		{4E2C8D46-7894-4226-9B26-73CC3BE884FA}.Release|Any CPU.ActiveCfg = Release|Any CPU
		{4E2C8D46-7894-4226-9B26-73CC3BE884FA}.Release|Any CPU.Build.0 = Release|Any CPU
		{0726C559-07E1-4176-B575-C9CCDF68660D}.Debug|Any CPU.ActiveCfg = Debug|Any CPU
		{0726C559-07E1-4176-B575-C9CCDF68660D}.Debug|Any CPU.Build.0 = Debug|Any CPU
		{0726C559-07E1-4176-B575-C9CCDF68660D}.Release|Any CPU.ActiveCfg = Release|Any CPU
		{0726C559-07E1-4176-B575-C9CCDF68660D}.Release|Any CPU.Build.0 = Release|Any CPU
	EndGlobalSection
	GlobalSection(SolutionProperties) = preSolution
		HideSolutionNode = FALSE
	EndGlobalSection
	GlobalSection(ExtensibilityGlobals) = postSolution
		SolutionGuid = {EE71FA5B-2F4D-4B73-9A67-07AD92C53F01}
	EndGlobalSection
EndGlobal
