
Microsoft Visual Studio Solution File, Format Version 12.00
# Visual Studio Version 17
VisualStudioVersion = 17.1.32319.34
MinimumVisualStudioVersion = 10.0.40219.1
Project("{FAE04EC0-301F-11D3-BF4B-00C04F79EFBC}") = "Ejercicio I02", "Ejercicio I02\Ejercicio I02.csproj", "{DCBF77D9-13BB-44F5-B6ED-E224BBA0AC82}"
EndProject
Global
	GlobalSection(SolutionConfigurationPlatforms) = preSolution
		Debug|Any CPU = Debug|Any CPU
		Release|Any CPU = Release|Any CPU
	EndGlobalSection
	GlobalSection(ProjectConfigurationPlatforms) = postSolution
		{DCBF77D9-13BB-44F5-B6ED-E224BBA0AC82}.Debug|Any CPU.ActiveCfg = Debug|Any CPU
		{DCBF77D9-13BB-44F5-B6ED-E224BBA0AC82}.Debug|Any CPU.Build.0 = Debug|Any CPU
		{DCBF77D9-13BB-44F5-B6ED-E224BBA0AC82}.Release|Any CPU.ActiveCfg = Release|Any CPU
		{DCBF77D9-13BB-44F5-B6ED-E224BBA0AC82}.Release|Any CPU.Build.0 = Release|Any CPU
	EndGlobalSection
	GlobalSection(SolutionProperties) = preSolution
		HideSolutionNode = FALSE
	EndGlobalSection
	GlobalSection(ExtensibilityGlobals) = postSolution
		SolutionGuid = {3F0506B2-F0E3-4D43-A235-4CBB95172244}
	EndGlobalSection
EndGlobal
