
Microsoft Visual Studio Solution File, Format Version 12.00
# Visual Studio Version 17
VisualStudioVersion = 17.1.32319.34
MinimumVisualStudioVersion = 10.0.40219.1
Project("{9A19103F-16F7-4668-BE54-9A1E7A4F7556}") = "Ejercicio I01", "Ejercicio I01\Ejercicio I01.csproj", "{95625E08-1129-4C0A-A94F-CF31FAA347A6}"
EndProject
Project("{9A19103F-16F7-4668-BE54-9A1E7A4F7556}") = "Entidades", "Entidades\Entidades.csproj", "{9F3686C2-6FB0-4797-9102-846F49A952AF}"
EndProject
Project("{9A19103F-16F7-4668-BE54-9A1E7A4F7556}") = "Ejercicio I02", "Ejercicio I02\Ejercicio I02.csproj", "{06D4F378-B247-439A-96C3-4833DE909889}"
EndProject
Project("{9A19103F-16F7-4668-BE54-9A1E7A4F7556}") = "Billetes", "Billetes\Billetes.csproj", "{A887DDF1-F3DB-43C0-BCCE-96FE3835FC5B}"
EndProject
Project("{9A19103F-16F7-4668-BE54-9A1E7A4F7556}") = "Ejercicio C01", "Ejercicio C01\Ejercicio C01.csproj", "{C0774668-CBFD-438D-AC7E-E1187A287B72}"
EndProject
Project("{9A19103F-16F7-4668-BE54-9A1E7A4F7556}") = "ConversorBinario", "ConversorBinario\ConversorBinario.csproj", "{217AC9A8-7234-4411-8AF9-BD4FF2EAD2C9}"
EndProject
Project("{FAE04EC0-301F-11D3-BF4B-00C04F79EFBC}") = "Ejercicio C02", "Ejercicio C02\Ejercicio C02.csproj", "{E32AA6C0-E68F-4283-BBE7-0299DF85E8D8}"
EndProject
Project("{FAE04EC0-301F-11D3-BF4B-00C04F79EFBC}") = "Ej_Estanteria", "Ej_Estanteria\Ej_Estanteria.csproj", "{AA437CF3-9CAA-4B8A-A281-CE63BE7AC244}"
EndProject
Global
	GlobalSection(SolutionConfigurationPlatforms) = preSolution
		Debug|Any CPU = Debug|Any CPU
		Release|Any CPU = Release|Any CPU
	EndGlobalSection
	GlobalSection(ProjectConfigurationPlatforms) = postSolution
		{95625E08-1129-4C0A-A94F-CF31FAA347A6}.Debug|Any CPU.ActiveCfg = Debug|Any CPU
		{95625E08-1129-4C0A-A94F-CF31FAA347A6}.Debug|Any CPU.Build.0 = Debug|Any CPU
		{95625E08-1129-4C0A-A94F-CF31FAA347A6}.Release|Any CPU.ActiveCfg = Release|Any CPU
		{95625E08-1129-4C0A-A94F-CF31FAA347A6}.Release|Any CPU.Build.0 = Release|Any CPU
		{9F3686C2-6FB0-4797-9102-846F49A952AF}.Debug|Any CPU.ActiveCfg = Debug|Any CPU
		{9F3686C2-6FB0-4797-9102-846F49A952AF}.Debug|Any CPU.Build.0 = Debug|Any CPU
		{9F3686C2-6FB0-4797-9102-846F49A952AF}.Release|Any CPU.ActiveCfg = Release|Any CPU
		{9F3686C2-6FB0-4797-9102-846F49A952AF}.Release|Any CPU.Build.0 = Release|Any CPU
		{06D4F378-B247-439A-96C3-4833DE909889}.Debug|Any CPU.ActiveCfg = Debug|Any CPU
		{06D4F378-B247-439A-96C3-4833DE909889}.Debug|Any CPU.Build.0 = Debug|Any CPU
		{06D4F378-B247-439A-96C3-4833DE909889}.Release|Any CPU.ActiveCfg = Release|Any CPU
		{06D4F378-B247-439A-96C3-4833DE909889}.Release|Any CPU.Build.0 = Release|Any CPU
		{A887DDF1-F3DB-43C0-BCCE-96FE3835FC5B}.Debug|Any CPU.ActiveCfg = Debug|Any CPU
		{A887DDF1-F3DB-43C0-BCCE-96FE3835FC5B}.Debug|Any CPU.Build.0 = Debug|Any CPU
		{A887DDF1-F3DB-43C0-BCCE-96FE3835FC5B}.Release|Any CPU.ActiveCfg = Release|Any CPU
		{A887DDF1-F3DB-43C0-BCCE-96FE3835FC5B}.Release|Any CPU.Build.0 = Release|Any CPU
		{C0774668-CBFD-438D-AC7E-E1187A287B72}.Debug|Any CPU.ActiveCfg = Debug|Any CPU
		{C0774668-CBFD-438D-AC7E-E1187A287B72}.Debug|Any CPU.Build.0 = Debug|Any CPU
		{C0774668-CBFD-438D-AC7E-E1187A287B72}.Release|Any CPU.ActiveCfg = Release|Any CPU
		{C0774668-CBFD-438D-AC7E-E1187A287B72}.Release|Any CPU.Build.0 = Release|Any CPU
		{217AC9A8-7234-4411-8AF9-BD4FF2EAD2C9}.Debug|Any CPU.ActiveCfg = Debug|Any CPU
		{217AC9A8-7234-4411-8AF9-BD4FF2EAD2C9}.Debug|Any CPU.Build.0 = Debug|Any CPU
		{217AC9A8-7234-4411-8AF9-BD4FF2EAD2C9}.Release|Any CPU.ActiveCfg = Release|Any CPU
		{217AC9A8-7234-4411-8AF9-BD4FF2EAD2C9}.Release|Any CPU.Build.0 = Release|Any CPU
		{E32AA6C0-E68F-4283-BBE7-0299DF85E8D8}.Debug|Any CPU.ActiveCfg = Debug|Any CPU
		{E32AA6C0-E68F-4283-BBE7-0299DF85E8D8}.Debug|Any CPU.Build.0 = Debug|Any CPU
		{E32AA6C0-E68F-4283-BBE7-0299DF85E8D8}.Release|Any CPU.ActiveCfg = Release|Any CPU
		{E32AA6C0-E68F-4283-BBE7-0299DF85E8D8}.Release|Any CPU.Build.0 = Release|Any CPU
		{AA437CF3-9CAA-4B8A-A281-CE63BE7AC244}.Debug|Any CPU.ActiveCfg = Debug|Any CPU
		{AA437CF3-9CAA-4B8A-A281-CE63BE7AC244}.Debug|Any CPU.Build.0 = Debug|Any CPU
		{AA437CF3-9CAA-4B8A-A281-CE63BE7AC244}.Release|Any CPU.ActiveCfg = Release|Any CPU
		{AA437CF3-9CAA-4B8A-A281-CE63BE7AC244}.Release|Any CPU.Build.0 = Release|Any CPU
	EndGlobalSection
	GlobalSection(SolutionProperties) = preSolution
		HideSolutionNode = FALSE
	EndGlobalSection
	GlobalSection(ExtensibilityGlobals) = postSolution
		SolutionGuid = {9D6C9E33-A8A0-43DC-AD04-4E5E07EE52B8}
	EndGlobalSection
EndGlobal
