
Microsoft Visual Studio Solution File, Format Version 12.00
# Visual Studio Version 17
VisualStudioVersion = 17.1.32319.34
MinimumVisualStudioVersion = 10.0.40219.1
Project("{9A19103F-16F7-4668-BE54-9A1E7A4F7556}") = "Centralita", "Centralita\Centralita.csproj", "{909B53CB-7766-4FED-AAA5-0D1B3838B34B}"
EndProject
Project("{9A19103F-16F7-4668-BE54-9A1E7A4F7556}") = "Test", "Test\Test.csproj", "{6B6A1778-CAD0-4C8A-B52E-87A25AF321AB}"
EndProject
Project("{FAE04EC0-301F-11D3-BF4B-00C04F79EFBC}") = "VistaForm", "VistaForm\VistaForm.csproj", "{F8D8D2EA-59ED-4226-BFD6-D89CF217F3E4}"
EndProject
Global
	GlobalSection(SolutionConfigurationPlatforms) = preSolution
		Debug|Any CPU = Debug|Any CPU
		Release|Any CPU = Release|Any CPU
	EndGlobalSection
	GlobalSection(ProjectConfigurationPlatforms) = postSolution
		{909B53CB-7766-4FED-AAA5-0D1B3838B34B}.Debug|Any CPU.ActiveCfg = Debug|Any CPU
		{909B53CB-7766-4FED-AAA5-0D1B3838B34B}.Debug|Any CPU.Build.0 = Debug|Any CPU
		{909B53CB-7766-4FED-AAA5-0D1B3838B34B}.Release|Any CPU.ActiveCfg = Release|Any CPU
		{909B53CB-7766-4FED-AAA5-0D1B3838B34B}.Release|Any CPU.Build.0 = Release|Any CPU
		{6B6A1778-CAD0-4C8A-B52E-87A25AF321AB}.Debug|Any CPU.ActiveCfg = Debug|Any CPU
		{6B6A1778-CAD0-4C8A-B52E-87A25AF321AB}.Debug|Any CPU.Build.0 = Debug|Any CPU
		{6B6A1778-CAD0-4C8A-B52E-87A25AF321AB}.Release|Any CPU.ActiveCfg = Release|Any CPU
		{6B6A1778-CAD0-4C8A-B52E-87A25AF321AB}.Release|Any CPU.Build.0 = Release|Any CPU
		{F8D8D2EA-59ED-4226-BFD6-D89CF217F3E4}.Debug|Any CPU.ActiveCfg = Debug|Any CPU
		{F8D8D2EA-59ED-4226-BFD6-D89CF217F3E4}.Debug|Any CPU.Build.0 = Debug|Any CPU
		{F8D8D2EA-59ED-4226-BFD6-D89CF217F3E4}.Release|Any CPU.ActiveCfg = Release|Any CPU
		{F8D8D2EA-59ED-4226-BFD6-D89CF217F3E4}.Release|Any CPU.Build.0 = Release|Any CPU
	EndGlobalSection
	GlobalSection(SolutionProperties) = preSolution
		HideSolutionNode = FALSE
	EndGlobalSection
	GlobalSection(ExtensibilityGlobals) = postSolution
		SolutionGuid = {47234DF5-21A3-4070-8A70-682C566368BB}
	EndGlobalSection
EndGlobal
